
Microsoft Visual Studio Solution File, Format Version 12.00
# Visual Studio Version 17
VisualStudioVersion = 17.8.34205.153
MinimumVisualStudioVersion = 10.0.40219.1
Project("{FAE04EC0-301F-11D3-BF4B-00C04F79EFBC}") = "AzRefArc.AspNetBlazorServer", "AzRefArc.AspNetBlazorServer\AzRefArc.AspNetBlazorServer.csproj", "{987F8D5E-F419-409C-AAD4-7A5D1953E220}"
EndProject
Global
	GlobalSection(SolutionConfigurationPlatforms) = preSolution
		Debug|Any CPU = Debug|Any CPU
		Release|Any CPU = Release|Any CPU
	EndGlobalSection
	GlobalSection(ProjectConfigurationPlatforms) = postSolution
		{987F8D5E-F419-409C-AAD4-7A5D1953E220}.Debug|Any CPU.ActiveCfg = Debug|Any CPU
		{987F8D5E-F419-409C-AAD4-7A5D1953E220}.Debug|Any CPU.Build.0 = Debug|Any CPU
		{987F8D5E-F419-409C-AAD4-7A5D1953E220}.Release|Any CPU.ActiveCfg = Release|Any CPU
		{987F8D5E-F419-409C-AAD4-7A5D1953E220}.Release|Any CPU.Build.0 = Release|Any CPU
	EndGlobalSection
	GlobalSection(SolutionProperties) = preSolution
		HideSolutionNode = FALSE
	EndGlobalSection
	GlobalSection(ExtensibilityGlobals) = postSolution
		SolutionGuid = {34CEFECA-2365-4905-AFF7-EEF30FA206CA}
	EndGlobalSection
EndGlobal
